Microsoft Visual Studio Solution File, Format Version 12.00
# Visual Studio Version 17
VisualStudioVersion = 17.12.35521.163
MinimumVisualStudioVersion = 10.0.40219.1
Project("{FAE04EC0-301F-11D3-BF4B-00C04F79EFBC}") = "OnionArchitecture.AppHost", "OnionArchitecture.AppHost\OnionArchitecture.AppHost.csproj", "{551BB1AA-CAAA-462E-9257-042DE077C732}"
EndProject
Project("{FAE04EC0-301F-11D3-BF4B-00C04F79EFBC}") = "OnionArchitecture.ApiService", "OnionArchitecture.ApiService\OnionArchitecture.ApiService.csproj", "{F971EEF4-0FAE-4C8A-9385-664F37C52165}"
EndProject
Project("{54A90642-561A-4BB1-A94E-469ADEE60C69}") = "OnionArchitecture.Web", "OnionArchitecture.Web\OnionArchitecture.Web.esproj", "{24A346F7-E8DC-4F6A-8691-1645396FD8A5}"
EndProject
Project("{FAE04EC0-301F-11D3-BF4B-00C04F79EFBC}") = "OnionArchitecture.Contracts", "OnionArchitecture.Contracts\OnionArchitecture.Contracts.csproj", "{F59498DF-FD58-4587-9D31-8CE3D8633425}"
EndProject
Project("{FAE04EC0-301F-11D3-BF4B-00C04F79EFBC}") = "OnionArchitecture.LoggerService", "OnionArchitecture.LoggerService\OnionArchitecture.LoggerService.csproj", "{E9927A6F-8E6F-4583-8130-27DDFD7133CF}"
EndProject
Project("{FAE04EC0-301F-11D3-BF4B-00C04F79EFBC}") = "OnionArchitecture.Entities", "OnionArchitecture.Entities\OnionArchitecture.Entities.csproj", "{4626028F-CC0E-4DFB-B936-56C6480994CC}"
EndProject
Project("{FAE04EC0-301F-11D3-BF4B-00C04F79EFBC}") = "OnionArchitecture.Repository", "OnionArchitecture.Repository\OnionArchitecture.Repository.csproj", "{7CD218D6-7B9F-40A4-B884-A4C94909609B}"
EndProject
Global
	GlobalSection(SolutionConfigurationPlatforms) = preSolution
		Debug|Any CPU = Debug|Any CPU
		Release|Any CPU = Release|Any CPU
	EndGlobalSection
	GlobalSection(ProjectConfigurationPlatforms) = postSolution
		{551BB1AA-CAAA-462E-9257-042DE077C732}.Debug|Any CPU.ActiveCfg = Debug|Any CPU
		{551BB1AA-CAAA-462E-9257-042DE077C732}.Debug|Any CPU.Build.0 = Debug|Any CPU
		{551BB1AA-CAAA-462E-9257-042DE077C732}.Release|Any CPU.ActiveCfg = Release|Any CPU
		{551BB1AA-CAAA-462E-9257-042DE077C732}.Release|Any CPU.Build.0 = Release|Any CPU
		{F971EEF4-0FAE-4C8A-9385-664F37C52165}.Debug|Any CPU.ActiveCfg = Debug|Any CPU
		{F971EEF4-0FAE-4C8A-9385-664F37C52165}.Debug|Any CPU.Build.0 = Debug|Any CPU
		{F971EEF4-0FAE-4C8A-9385-664F37C52165}.Release|Any CPU.ActiveCfg = Release|Any CPU
		{F971EEF4-0FAE-4C8A-9385-664F37C52165}.Release|Any CPU.Build.0 = Release|Any CPU
		{24A346F7-E8DC-4F6A-8691-1645396FD8A5}.Debug|Any CPU.ActiveCfg = Debug|Any CPU
		{24A346F7-E8DC-4F6A-8691-1645396FD8A5}.Debug|Any CPU.Build.0 = Debug|Any CPU
		{24A346F7-E8DC-4F6A-8691-1645396FD8A5}.Debug|Any CPU.Deploy.0 = Debug|Any CPU
		{24A346F7-E8DC-4F6A-8691-1645396FD8A5}.Release|Any CPU.ActiveCfg = Release|Any CPU
		{24A346F7-E8DC-4F6A-8691-1645396FD8A5}.Release|Any CPU.Build.0 = Release|Any CPU
		{24A346F7-E8DC-4F6A-8691-1645396FD8A5}.Release|Any CPU.Deploy.0 = Release|Any CPU
		{F59498DF-FD58-4587-9D31-8CE3D8633425}.Debug|Any CPU.ActiveCfg = Debug|Any CPU
		{F59498DF-FD58-4587-9D31-8CE3D8633425}.Debug|Any CPU.Build.0 = Debug|Any CPU
		{F59498DF-FD58-4587-9D31-8CE3D8633425}.Release|Any CPU.ActiveCfg = Release|Any CPU
		{F59498DF-FD58-4587-9D31-8CE3D8633425}.Release|Any CPU.Build.0 = Release|Any CPU
		{E9927A6F-8E6F-4583-8130-27DDFD7133CF}.Debug|Any CPU.ActiveCfg = Debug|Any CPU
		{E9927A6F-8E6F-4583-8130-27DDFD7133CF}.Debug|Any CPU.Build.0 = Debug|Any CPU
		{E9927A6F-8E6F-4583-8130-27DDFD7133CF}.Release|Any CPU.ActiveCfg = Release|Any CPU
		{E9927A6F-8E6F-4583-8130-27DDFD7133CF}.Release|Any CPU.Build.0 = Release|Any CPU
		{4626028F-CC0E-4DFB-B936-56C6480994CC}.Debug|Any CPU.ActiveCfg = Debug|Any CPU
		{4626028F-CC0E-4DFB-B936-56C6480994CC}.Debug|Any CPU.Build.0 = Debug|Any CPU
		{4626028F-CC0E-4DFB-B936-56C6480994CC}.Release|Any CPU.ActiveCfg = Release|Any CPU
		{4626028F-CC0E-4DFB-B936-56C6480994CC}.Release|Any CPU.Build.0 = Release|Any CPU
		{7CD218D6-7B9F-40A4-B884-A4C94909609B}.Debug|Any CPU.ActiveCfg = Debug|Any CPU
		{7CD218D6-7B9F-40A4-B884-A4C94909609B}.Debug|Any CPU.Build.0 = Debug|Any CPU
		{7CD218D6-7B9F-40A4-B884-A4C94909609B}.Release|Any CPU.ActiveCfg = Release|Any CPU
		{7CD218D6-7B9F-40A4-B884-A4C94909609B}.Release|Any CPU.Build.0 = Release|Any CPU
	EndGlobalSection
	GlobalSection(SolutionProperties) = preSolution
		HideSolutionNode = FALSE
	EndGlobalSection
EndGlobal
